
Microsoft Visual Studio Solution File, Format Version 12.00
# Visual Studio Version 17
VisualStudioVersion = 17.14.36401.2 d17.14
MinimumVisualStudioVersion = 10.0.40219.1
Project("{FAE04EC0-301F-11D3-BF4B-00C04F79EFBC}") = "Actividad 1 - AppEscritorio", "Actividad 1 - AppEscritorio\Actividad 1 - AppEscritorio.csproj", "{2A123BEF-A787-4D2D-906E-6AFEBBFDFBED}"
EndProject
Global
	GlobalSection(SolutionConfigurationPlatforms) = preSolution
		Debug|Any CPU = Debug|Any CPU
		Release|Any CPU = Release|Any CPU
	EndGlobalSection
	GlobalSection(ProjectConfigurationPlatforms) = postSolution
		{2A123BEF-A787-4D2D-906E-6AFEBBFDFBED}.Debug|Any CPU.ActiveCfg = Debug|Any CPU
		{2A123BEF-A787-4D2D-906E-6AFEBBFDFBED}.Debug|Any CPU.Build.0 = Debug|Any CPU
		{2A123BEF-A787-4D2D-906E-6AFEBBFDFBED}.Release|Any CPU.ActiveCfg = Release|Any CPU
		{2A123BEF-A787-4D2D-906E-6AFEBBFDFBED}.Release|Any CPU.Build.0 = Release|Any CPU
	EndGlobalSection
	GlobalSection(SolutionProperties) = preSolution
		HideSolutionNode = FALSE
	EndGlobalSection
	GlobalSection(ExtensibilityGlobals) = postSolution
		SolutionGuid = {B0502829-C111-4879-9997-0DA45CFA7AB8}
	EndGlobalSection
EndGlobal
